# This file is automatically @generated by Poetry 1.6.1 and should not be changed by hand.

[[package]]
name = "streamdeck"
version = "0.9.4"
description = "Library to control Elgato StreamDeck devices."
optional = false
python-versions = ">=3.8"
files = []
develop = false

[package.source]
type = "git"
url = "git@github.com:abcminiuser/python-elgato-streamdeck.git"
reference = "0.9.4"
resolved_reference = "11d44f027558851e6b5d7901793cb4dd33743c04"

[metadata]
lock-version = "2.0"
python-versions = "^3.11"
content-hash = "47632d36672e2579a096e5b0f463ce872f9d22885c2efbada6e2038819e6345f"
